
Microsoft Visual Studio Solution File, Format Version 11.00
# Visual Studio 2010
Project("{FAE04EC0-301F-11D3-BF4B-00C04F79EFBC}") = "Legend of Burdea", "Assembly-CSharp-firstpass.csproj", "{58156A80-B602-7CAC-8769-FED53001D47D}"
EndProject
Project("{FAE04EC0-301F-11D3-BF4B-00C04F79EFBC}") = "Legend of Burdea", "Assembly-CSharp.csproj", "{7F455ED6-4B08-B62C-3EBD-0EFD4F056940}"
EndProject
Global
	GlobalSection(SolutionConfigurationPlatforms) = preSolution
		Debug|Any CPU = Debug|Any CPU
		Release|Any CPU = Release|Any CPU
	EndGlobalSection
	GlobalSection(ProjectConfigurationPlatforms) = postSolution
		{58156A80-B602-7CAC-8769-FED53001D47D}.Debug|Any CPU.ActiveCfg = Debug|Any CPU
		{58156A80-B602-7CAC-8769-FED53001D47D}.Debug|Any CPU.Build.0 = Debug|Any CPU
		{58156A80-B602-7CAC-8769-FED53001D47D}.Release|Any CPU.ActiveCfg = Release|Any CPU
		{58156A80-B602-7CAC-8769-FED53001D47D}.Release|Any CPU.Build.0 = Release|Any CPU
		{7F455ED6-4B08-B62C-3EBD-0EFD4F056940}.Debug|Any CPU.ActiveCfg = Debug|Any CPU
		{7F455ED6-4B08-B62C-3EBD-0EFD4F056940}.Debug|Any CPU.Build.0 = Debug|Any CPU
		{7F455ED6-4B08-B62C-3EBD-0EFD4F056940}.Release|Any CPU.ActiveCfg = Release|Any CPU
		{7F455ED6-4B08-B62C-3EBD-0EFD4F056940}.Release|Any CPU.Build.0 = Release|Any CPU
	EndGlobalSection
	GlobalSection(SolutionProperties) = preSolution
		HideSolutionNode = FALSE
	EndGlobalSection
	GlobalSection(MonoDevelopProperties) = preSolution
		StartupItem = Assembly-CSharp.csproj
	EndGlobalSection
EndGlobal
