
Microsoft Visual Studio Solution File, Format Version 11.00
# Visual Studio 2010
Project("{FAE04EC0-301F-11D3-BF4B-00C04F79EFBC}") = "VR Final Submission", "Assembly-CSharp-firstpass.csproj", "{2DA085CF-A6B0-F7BB-BD1B-6F46A97836EF}"
EndProject
Project("{FAE04EC0-301F-11D3-BF4B-00C04F79EFBC}") = "VR Final Submission", "Assembly-CSharp.csproj", "{56E0861B-B607-FC9A-F68F-33DF4388120E}"
EndProject
Global
	GlobalSection(SolutionConfigurationPlatforms) = preSolution
		Debug|Any CPU = Debug|Any CPU
		Release|Any CPU = Release|Any CPU
	EndGlobalSection
	GlobalSection(ProjectConfigurationPlatforms) = postSolution
		{2DA085CF-A6B0-F7BB-BD1B-6F46A97836EF}.Debug|Any CPU.ActiveCfg = Debug|Any CPU
		{2DA085CF-A6B0-F7BB-BD1B-6F46A97836EF}.Debug|Any CPU.Build.0 = Debug|Any CPU
		{2DA085CF-A6B0-F7BB-BD1B-6F46A97836EF}.Release|Any CPU.ActiveCfg = Release|Any CPU
		{2DA085CF-A6B0-F7BB-BD1B-6F46A97836EF}.Release|Any CPU.Build.0 = Release|Any CPU
		{56E0861B-B607-FC9A-F68F-33DF4388120E}.Debug|Any CPU.ActiveCfg = Debug|Any CPU
		{56E0861B-B607-FC9A-F68F-33DF4388120E}.Debug|Any CPU.Build.0 = Debug|Any CPU
		{56E0861B-B607-FC9A-F68F-33DF4388120E}.Release|Any CPU.ActiveCfg = Release|Any CPU
		{56E0861B-B607-FC9A-F68F-33DF4388120E}.Release|Any CPU.Build.0 = Release|Any CPU
	EndGlobalSection
	GlobalSection(SolutionProperties) = preSolution
		HideSolutionNode = FALSE
	EndGlobalSection
	GlobalSection(MonoDevelopProperties) = preSolution
		StartupItem = Assembly-CSharp.csproj
	EndGlobalSection
EndGlobal
