
Microsoft Visual Studio Solution File, Format Version 12.00
# Visual Studio 15
Project("{FAE04EC0-301F-11D3-BF4B-00C04F79EFBC}") = "VR Lab Project.Plugins", "VR Lab Project.Plugins.csproj", "{382F9808-EED9-7FBC-B119-2602E2063AFC}"
EndProject
Project("{FAE04EC0-301F-11D3-BF4B-00C04F79EFBC}") = "VR Lab Project", "VR Lab Project.csproj", "{C43AB5FE-29AC-4B2B-4D07-35F1EEFA3DB7}"
EndProject
Global
	GlobalSection(SolutionConfigurationPlatforms) = preSolution
		Debug|Any CPU = Debug|Any CPU
		Release|Any CPU = Release|Any CPU
	EndGlobalSection
	GlobalSection(ProjectConfigurationPlatforms) = postSolution
		{382F9808-EED9-7FBC-B119-2602E2063AFC}.Debug|Any CPU.ActiveCfg = Debug|Any CPU
		{382F9808-EED9-7FBC-B119-2602E2063AFC}.Debug|Any CPU.Build.0 = Debug|Any CPU
		{382F9808-EED9-7FBC-B119-2602E2063AFC}.Release|Any CPU.ActiveCfg = Release|Any CPU
		{382F9808-EED9-7FBC-B119-2602E2063AFC}.Release|Any CPU.Build.0 = Release|Any CPU
		{C43AB5FE-29AC-4B2B-4D07-35F1EEFA3DB7}.Debug|Any CPU.ActiveCfg = Debug|Any CPU
		{C43AB5FE-29AC-4B2B-4D07-35F1EEFA3DB7}.Debug|Any CPU.Build.0 = Debug|Any CPU
		{C43AB5FE-29AC-4B2B-4D07-35F1EEFA3DB7}.Release|Any CPU.ActiveCfg = Release|Any CPU
		{C43AB5FE-29AC-4B2B-4D07-35F1EEFA3DB7}.Release|Any CPU.Build.0 = Release|Any CPU
	EndGlobalSection
	GlobalSection(SolutionProperties) = preSolution
		HideSolutionNode = FALSE
	EndGlobalSection
EndGlobal
